
Microsoft Visual Studio Solution File, Format Version 12.00
# Visual Studio Version 17
VisualStudioVersion = 17.11.35312.102
MinimumVisualStudioVersion = 10.0.40219.1
Project("{9A19103F-16F7-4668-BE54-9A1E7A4F7556}") = "MonAppBlazor", "MonAppBlazor\MonAppBlazor.csproj", "{71108792-0808-44D5-8706-2659854B9E10}"
EndProject
Project("{9A19103F-16F7-4668-BE54-9A1E7A4F7556}") = "MonAppBlazor.Client", "MonAppBlazor.Client\MonAppBlazor.Client.csproj", "{8C917C35-EB43-4668-B5AB-50D02A61D0F2}"
EndProject
Global
	GlobalSection(SolutionConfigurationPlatforms) = preSolution
		Debug|Any CPU = Debug|Any CPU
		Release|Any CPU = Release|Any CPU
	EndGlobalSection
	GlobalSection(ProjectConfigurationPlatforms) = postSolution
		{71108792-0808-44D5-8706-2659854B9E10}.Debug|Any CPU.ActiveCfg = Debug|Any CPU
		{71108792-0808-44D5-8706-2659854B9E10}.Debug|Any CPU.Build.0 = Debug|Any CPU
		{71108792-0808-44D5-8706-2659854B9E10}.Release|Any CPU.ActiveCfg = Release|Any CPU
		{71108792-0808-44D5-8706-2659854B9E10}.Release|Any CPU.Build.0 = Release|Any CPU
		{8C917C35-EB43-4668-B5AB-50D02A61D0F2}.Debug|Any CPU.ActiveCfg = Debug|Any CPU
		{8C917C35-EB43-4668-B5AB-50D02A61D0F2}.Debug|Any CPU.Build.0 = Debug|Any CPU
		{8C917C35-EB43-4668-B5AB-50D02A61D0F2}.Release|Any CPU.ActiveCfg = Release|Any CPU
		{8C917C35-EB43-4668-B5AB-50D02A61D0F2}.Release|Any CPU.Build.0 = Release|Any CPU
	EndGlobalSection
	GlobalSection(SolutionProperties) = preSolution
		HideSolutionNode = FALSE
	EndGlobalSection
	GlobalSection(ExtensibilityGlobals) = postSolution
		SolutionGuid = {86D99E7C-2AFD-49D1-9705-B92199E287B6}
	EndGlobalSection
EndGlobal
